<?xml version="1.0" encoding="UTF-8" standalone="yes" ?>
<CodeBlocks_project_file>
   <FileVersion major="1" minor="6" />
   <Project>
      <Option title="Project" />
      <Option makefile_is_custom="1" />
      <Option compiler="gcc" />
      <Option virtualFolders="CMake Files\;" />
      <Build>
      <Target title="all">
         <Option working_dir="/home/major/Development/RealtimeCamera/face_identifier" />
         <Option type="4" />
         <MakeCommands>
            <Build command="/usr/bin/make -f &quot;/home/major/Development/RealtimeCamera/face_identifier/Makefile&quot;  VERBOSE=1 all" />
            <CompileFile command="/usr/bin/make -f &quot;/home/major/Development/RealtimeCamera/face_identifier/Makefile&quot;  VERBOSE=1 &quot;$file&quot;" />
            <Clean command="/usr/bin/make -f &quot;/home/major/Development/RealtimeCamera/face_identifier/Makefile&quot;  VERBOSE=1 clean" />
            <DistClean command="/usr/bin/make -f &quot;/home/major/Development/RealtimeCamera/face_identifier/Makefile&quot;  VERBOSE=1 clean" />
         </MakeCommands>
      </Target>
      <Target title="edit_cache">
         <Option working_dir="/home/major/Development/RealtimeCamera/face_identifier" />
         <Option type="4" />
         <MakeCommands>
            <Build command="/usr/bin/make -f &quot;/home/major/Development/RealtimeCamera/face_identifier/Makefile&quot;  VERBOSE=1 edit_cache" />
            <CompileFile command="/usr/bin/make -f &quot;/home/major/Development/RealtimeCamera/face_identifier/Makefile&quot;  VERBOSE=1 &quot;$file&quot;" />
            <Clean command="/usr/bin/make -f &quot;/home/major/Development/RealtimeCamera/face_identifier/Makefile&quot;  VERBOSE=1 clean" />
            <DistClean command="/usr/bin/make -f &quot;/home/major/Development/RealtimeCamera/face_identifier/Makefile&quot;  VERBOSE=1 clean" />
         </MakeCommands>
      </Target>
      <Target title="rebuild_cache">
         <Option working_dir="/home/major/Development/RealtimeCamera/face_identifier" />
         <Option type="4" />
         <MakeCommands>
            <Build command="/usr/bin/make -f &quot;/home/major/Development/RealtimeCamera/face_identifier/Makefile&quot;  VERBOSE=1 rebuild_cache" />
            <CompileFile command="/usr/bin/make -f &quot;/home/major/Development/RealtimeCamera/face_identifier/Makefile&quot;  VERBOSE=1 &quot;$file&quot;" />
            <Clean command="/usr/bin/make -f &quot;/home/major/Development/RealtimeCamera/face_identifier/Makefile&quot;  VERBOSE=1 clean" />
            <DistClean command="/usr/bin/make -f &quot;/home/major/Development/RealtimeCamera/face_identifier/Makefile&quot;  VERBOSE=1 clean" />
         </MakeCommands>
      </Target>
      <Target title="identifier">
         <Option output="/home/major/Development/RealtimeCamera/face_identifier/identifier" prefix_auto="0" extension_auto="0" />
         <Option working_dir="" />
         <Option object_output="./" />
         <Option type="1" />
         <Option compiler="gcc" />
         <Compiler>
            <Add directory="/usr/include" />
            <Add directory="/usr/include/c++/5" />
            <Add directory="/usr/include/c++/5/backward" />
            <Add directory="/usr/include/x86_64-linux-gnu" />
            <Add directory="/usr/include/x86_64-linux-gnu/c++/5" />
            <Add directory="/usr/lib/gcc/x86_64-linux-gnu/5/include" />
            <Add directory="/usr/lib/gcc/x86_64-linux-gnu/5/include-fixed" />
            <Add directory="/usr/local/include" />
            <Add directory="/usr/local/include/hiredis" />
         </Compiler>
         <MakeCommands>
            <Build command="/usr/bin/make -f &quot;/home/major/Development/RealtimeCamera/face_identifier/Makefile&quot;  VERBOSE=1 identifier" />
            <CompileFile command="/usr/bin/make -f &quot;/home/major/Development/RealtimeCamera/face_identifier/Makefile&quot;  VERBOSE=1 &quot;$file&quot;" />
            <Clean command="/usr/bin/make -f &quot;/home/major/Development/RealtimeCamera/face_identifier/Makefile&quot;  VERBOSE=1 clean" />
            <DistClean command="/usr/bin/make -f &quot;/home/major/Development/RealtimeCamera/face_identifier/Makefile&quot;  VERBOSE=1 clean" />
         </MakeCommands>
      </Target>
      <Target title="identifier/fast">
         <Option output="/home/major/Development/RealtimeCamera/face_identifier/identifier" prefix_auto="0" extension_auto="0" />
         <Option working_dir="" />
         <Option object_output="./" />
         <Option type="1" />
         <Option compiler="gcc" />
         <Compiler>
            <Add directory="/usr/include" />
            <Add directory="/usr/include/c++/5" />
            <Add directory="/usr/include/c++/5/backward" />
            <Add directory="/usr/include/x86_64-linux-gnu" />
            <Add directory="/usr/include/x86_64-linux-gnu/c++/5" />
            <Add directory="/usr/lib/gcc/x86_64-linux-gnu/5/include" />
            <Add directory="/usr/lib/gcc/x86_64-linux-gnu/5/include-fixed" />
            <Add directory="/usr/local/include" />
            <Add directory="/usr/local/include/hiredis" />
         </Compiler>
         <MakeCommands>
            <Build command="/usr/bin/make -f &quot;/home/major/Development/RealtimeCamera/face_identifier/Makefile&quot;  VERBOSE=1 identifier/fast" />
            <CompileFile command="/usr/bin/make -f &quot;/home/major/Development/RealtimeCamera/face_identifier/Makefile&quot;  VERBOSE=1 &quot;$file&quot;" />
            <Clean command="/usr/bin/make -f &quot;/home/major/Development/RealtimeCamera/face_identifier/Makefile&quot;  VERBOSE=1 clean" />
            <DistClean command="/usr/bin/make -f &quot;/home/major/Development/RealtimeCamera/face_identifier/Makefile&quot;  VERBOSE=1 clean" />
         </MakeCommands>
      </Target>
      </Build>
      <Unit filename="/home/major/Development/RealtimeCamera/face_identifier/Classifier.cpp">
         <Option target="identifier"/>
      </Unit>
      <Unit filename="/home/major/Development/RealtimeCamera/face_identifier/Classifier.h">
         <Option target="identifier"/>
      </Unit>
      <Unit filename="/home/major/Development/RealtimeCamera/face_identifier/Common.h">
         <Option target="identifier"/>
      </Unit>
      <Unit filename="/home/major/Development/RealtimeCamera/face_identifier/Indentifier.cpp">
         <Option target="identifier"/>
      </Unit>
      <Unit filename="/home/major/Development/RealtimeCamera/face_identifier/Lock.cpp">
         <Option target="identifier"/>
      </Unit>
      <Unit filename="/home/major/Development/RealtimeCamera/face_identifier/Lock.h">
         <Option target="identifier"/>
      </Unit>
      <Unit filename="/home/major/Development/RealtimeCamera/face_identifier/Log.cpp">
         <Option target="identifier"/>
      </Unit>
      <Unit filename="/home/major/Development/RealtimeCamera/face_identifier/Log.h">
         <Option target="identifier"/>
      </Unit>
      <Unit filename="/home/major/Development/RealtimeCamera/face_identifier/Looper.cpp">
         <Option target="identifier"/>
      </Unit>
      <Unit filename="/home/major/Development/RealtimeCamera/face_identifier/Looper.h">
         <Option target="identifier"/>
      </Unit>
      <Unit filename="/home/major/Development/RealtimeCamera/face_identifier/RedisIO.cpp">
         <Option target="identifier"/>
      </Unit>
      <Unit filename="/home/major/Development/RealtimeCamera/face_identifier/RedisIO.h">
         <Option target="identifier"/>
      </Unit>
      <Unit filename="/home/major/Development/RealtimeCamera/face_identifier/Thread.h">
         <Option target="identifier"/>
      </Unit>
      <Unit filename="/home/major/Development/RealtimeCamera/face_identifier/VectorClassFinder.cpp">
         <Option target="identifier"/>
      </Unit>
      <Unit filename="/home/major/Development/RealtimeCamera/face_identifier/VectorClassFinder.h">
         <Option target="identifier"/>
      </Unit>
      <Unit filename="/home/major/Development/RealtimeCamera/face_identifier/VectorNetSubscriber.cpp">
         <Option target="identifier"/>
      </Unit>
      <Unit filename="/home/major/Development/RealtimeCamera/face_identifier/VectorNetSubscriber.h">
         <Option target="identifier"/>
      </Unit>
      <Unit filename="/home/major/Development/RealtimeCamera/face_identifier/VectorQueue.cpp">
         <Option target="identifier"/>
      </Unit>
      <Unit filename="/home/major/Development/RealtimeCamera/face_identifier/VectorQueue.h">
         <Option target="identifier"/>
      </Unit>
      <Unit filename="/home/major/Development/RealtimeCamera/face_identifier/VectorSubscriber.cpp">
         <Option target="identifier"/>
      </Unit>
      <Unit filename="/home/major/Development/RealtimeCamera/face_identifier/VectorSubscriber.h">
         <Option target="identifier"/>
      </Unit>
      <Unit filename="/home/major/Development/RealtimeCamera/face_identifier/CMakeLists.txt">
          <Option virtualFolder="CMake Files\" />
      </Unit>
   </Project>
</CodeBlocks_project_file>
