<?xml version="1.0" encoding="UTF-8"?>
<CodeBlocks_project_file>
	<FileVersion major="1" minor="6"/>
	<Project>
		<Option title="darknet"/>
		<Option makefile_is_custom="1"/>
		<Option compiler="gcc"/>
		<Option virtualFolders="CMake Files\;"/>
		<Build>
			<Target title="all">
				<Option working_dir="/home/major/RealtimeCamera/darknet/src"/>
				<Option type="4"/>
				<MakeCommands>
					<Build command="/usr/bin/make -j8 -f &quot;/home/major/RealtimeCamera/darknet/src/Makefile&quot;  VERBOSE=1 all"/>
					<CompileFile command="/usr/bin/make -j8 -f &quot;/home/major/RealtimeCamera/darknet/src/Makefile&quot;  VERBOSE=1 &quot;$file&quot;"/>
					<Clean command="/usr/bin/make -j8 -f &quot;/home/major/RealtimeCamera/darknet/src/Makefile&quot;  VERBOSE=1 clean"/>
					<DistClean command="/usr/bin/make -j8 -f &quot;/home/major/RealtimeCamera/darknet/src/Makefile&quot;  VERBOSE=1 clean"/>
				</MakeCommands>
			</Target>
			<Target title="rebuild_cache">
				<Option working_dir="/home/major/RealtimeCamera/darknet/src"/>
				<Option type="4"/>
				<MakeCommands>
					<Build command="/usr/bin/make -j8 -f &quot;/home/major/RealtimeCamera/darknet/src/Makefile&quot;  VERBOSE=1 rebuild_cache"/>
					<CompileFile command="/usr/bin/make -j8 -f &quot;/home/major/RealtimeCamera/darknet/src/Makefile&quot;  VERBOSE=1 &quot;$file&quot;"/>
					<Clean command="/usr/bin/make -j8 -f &quot;/home/major/RealtimeCamera/darknet/src/Makefile&quot;  VERBOSE=1 clean"/>
					<DistClean command="/usr/bin/make -j8 -f &quot;/home/major/RealtimeCamera/darknet/src/Makefile&quot;  VERBOSE=1 clean"/>
				</MakeCommands>
			</Target>
			<Target title="edit_cache">
				<Option working_dir="/home/major/RealtimeCamera/darknet/src"/>
				<Option type="4"/>
				<MakeCommands>
					<Build command="/usr/bin/make -j8 -f &quot;/home/major/RealtimeCamera/darknet/src/Makefile&quot;  VERBOSE=1 edit_cache"/>
					<CompileFile command="/usr/bin/make -j8 -f &quot;/home/major/RealtimeCamera/darknet/src/Makefile&quot;  VERBOSE=1 &quot;$file&quot;"/>
					<Clean command="/usr/bin/make -j8 -f &quot;/home/major/RealtimeCamera/darknet/src/Makefile&quot;  VERBOSE=1 clean"/>
					<DistClean command="/usr/bin/make -j8 -f &quot;/home/major/RealtimeCamera/darknet/src/Makefile&quot;  VERBOSE=1 clean"/>
				</MakeCommands>
			</Target>
			<Target title="darknet">
				<Option output="/home/major/RealtimeCamera/darknet/src/darknet" prefix_auto="0" extension_auto="0"/>
				<Option working_dir="/home/major/RealtimeCamera/darknet/src"/>
				<Option object_output="./"/>
				<Option type="1"/>
				<Option compiler="gcc"/>
				<Compiler>
					<Add option="-DGPU=1"/>
					<Add option="-DCUDNN=1"/>
					<Add option="-DOPENCV=1"/>
					<Add option="-DREDIS=1"/>
					<Add option="-DDEBUG=1"/>
					<Add directory="/usr/local/cuda/include"/>
					<Add directory="/usr/local/include/hiredis"/>
					<Add directory="/usr/local/include/opencv"/>
					<Add directory="/usr/local/include"/>
					<Add directory="/usr/include/c++/5"/>
					<Add directory="/usr/include/x86_64-linux-gnu/c++/5"/>
					<Add directory="/usr/include/c++/5/backward"/>
					<Add directory="/usr/lib/gcc/x86_64-linux-gnu/5/include"/>
					<Add directory="/usr/lib/gcc/x86_64-linux-gnu/5/include-fixed"/>
					<Add directory="/usr/include/x86_64-linux-gnu"/>
					<Add directory="/usr/include"/>
				</Compiler>
				<MakeCommands>
					<Build command="/usr/bin/make -j8 -f &quot;/home/major/RealtimeCamera/darknet/src/Makefile&quot;  VERBOSE=1 darknet"/>
					<CompileFile command="/usr/bin/make -j8 -f &quot;/home/major/RealtimeCamera/darknet/src/Makefile&quot;  VERBOSE=1 &quot;$file&quot;"/>
					<Clean command="/usr/bin/make -j8 -f &quot;/home/major/RealtimeCamera/darknet/src/Makefile&quot;  VERBOSE=1 clean"/>
					<DistClean command="/usr/bin/make -j8 -f &quot;/home/major/RealtimeCamera/darknet/src/Makefile&quot;  VERBOSE=1 clean"/>
				</MakeCommands>
			</Target>
			<Target title="darknet/fast">
				<Option output="/home/major/RealtimeCamera/darknet/src/darknet" prefix_auto="0" extension_auto="0"/>
				<Option working_dir="/home/major/RealtimeCamera/darknet/src"/>
				<Option object_output="./"/>
				<Option type="1"/>
				<Option compiler="gcc"/>
				<Compiler>
					<Add option="-DGPU=1"/>
					<Add option="-DCUDNN=1"/>
					<Add option="-DOPENCV=1"/>
					<Add option="-DREDIS=1"/>
					<Add option="-DDEBUG=1"/>
					<Add directory="/usr/local/cuda/include"/>
					<Add directory="/usr/local/include/hiredis"/>
					<Add directory="/usr/local/include/opencv"/>
					<Add directory="/usr/local/include"/>
					<Add directory="/usr/include/c++/5"/>
					<Add directory="/usr/include/x86_64-linux-gnu/c++/5"/>
					<Add directory="/usr/include/c++/5/backward"/>
					<Add directory="/usr/lib/gcc/x86_64-linux-gnu/5/include"/>
					<Add directory="/usr/lib/gcc/x86_64-linux-gnu/5/include-fixed"/>
					<Add directory="/usr/include/x86_64-linux-gnu"/>
					<Add directory="/usr/include"/>
				</Compiler>
				<MakeCommands>
					<Build command="/usr/bin/make -j8 -f &quot;/home/major/RealtimeCamera/darknet/src/Makefile&quot;  VERBOSE=1 darknet/fast"/>
					<CompileFile command="/usr/bin/make -j8 -f &quot;/home/major/RealtimeCamera/darknet/src/Makefile&quot;  VERBOSE=1 &quot;$file&quot;"/>
					<Clean command="/usr/bin/make -j8 -f &quot;/home/major/RealtimeCamera/darknet/src/Makefile&quot;  VERBOSE=1 clean"/>
					<DistClean command="/usr/bin/make -j8 -f &quot;/home/major/RealtimeCamera/darknet/src/Makefile&quot;  VERBOSE=1 clean"/>
				</MakeCommands>
			</Target>
		</Build>
		<Unit filename="/home/major/RealtimeCamera/darknet/src/activation_layer.c">
			<Option target="darknet"/>
		</Unit>
		<Unit filename="/home/major/RealtimeCamera/darknet/src/activation_layer.h">
			<Option target="darknet"/>
		</Unit>
		<Unit filename="/home/major/RealtimeCamera/darknet/src/activations.c">
			<Option target="darknet"/>
		</Unit>
		<Unit filename="/home/major/RealtimeCamera/darknet/src/activations.h">
			<Option target="darknet"/>
		</Unit>
		<Unit filename="/home/major/RealtimeCamera/darknet/src/art.c">
			<Option target="darknet"/>
		</Unit>
		<Unit filename="/home/major/RealtimeCamera/darknet/src/avgpool_layer.c">
			<Option target="darknet"/>
		</Unit>
		<Unit filename="/home/major/RealtimeCamera/darknet/src/avgpool_layer.h">
			<Option target="darknet"/>
		</Unit>
		<Unit filename="/home/major/RealtimeCamera/darknet/src/batchnorm_layer.c">
			<Option target="darknet"/>
		</Unit>
		<Unit filename="/home/major/RealtimeCamera/darknet/src/batchnorm_layer.h">
			<Option target="darknet"/>
		</Unit>
		<Unit filename="/home/major/RealtimeCamera/darknet/src/blas.c">
			<Option target="darknet"/>
		</Unit>
		<Unit filename="/home/major/RealtimeCamera/darknet/src/blas.h">
			<Option target="darknet"/>
		</Unit>
		<Unit filename="/home/major/RealtimeCamera/darknet/src/box.c">
			<Option target="darknet"/>
		</Unit>
		<Unit filename="/home/major/RealtimeCamera/darknet/src/box.h">
			<Option target="darknet"/>
		</Unit>
		<Unit filename="/home/major/RealtimeCamera/darknet/src/camera.c">
			<Option target="darknet"/>
		</Unit>
		<Unit filename="/home/major/RealtimeCamera/darknet/src/camera.h">
			<Option target="darknet"/>
		</Unit>
		<Unit filename="/home/major/RealtimeCamera/darknet/src/captcha.c">
			<Option target="darknet"/>
		</Unit>
		<Unit filename="/home/major/RealtimeCamera/darknet/src/cifar.c">
			<Option target="darknet"/>
		</Unit>
		<Unit filename="/home/major/RealtimeCamera/darknet/src/classifier.c">
			<Option target="darknet"/>
		</Unit>
		<Unit filename="/home/major/RealtimeCamera/darknet/src/classifier.h">
			<Option target="darknet"/>
		</Unit>
		<Unit filename="/home/major/RealtimeCamera/darknet/src/coco.c">
			<Option target="darknet"/>
		</Unit>
		<Unit filename="/home/major/RealtimeCamera/darknet/src/col2im.c">
			<Option target="darknet"/>
		</Unit>
		<Unit filename="/home/major/RealtimeCamera/darknet/src/col2im.h">
			<Option target="darknet"/>
		</Unit>
		<Unit filename="/home/major/RealtimeCamera/darknet/src/compare.c">
			<Option target="darknet"/>
		</Unit>
		<Unit filename="/home/major/RealtimeCamera/darknet/src/connected_layer.c">
			<Option target="darknet"/>
		</Unit>
		<Unit filename="/home/major/RealtimeCamera/darknet/src/connected_layer.h">
			<Option target="darknet"/>
		</Unit>
		<Unit filename="/home/major/RealtimeCamera/darknet/src/convolutional_layer.c">
			<Option target="darknet"/>
		</Unit>
		<Unit filename="/home/major/RealtimeCamera/darknet/src/convolutional_layer.h">
			<Option target="darknet"/>
		</Unit>
		<Unit filename="/home/major/RealtimeCamera/darknet/src/cost_layer.c">
			<Option target="darknet"/>
		</Unit>
		<Unit filename="/home/major/RealtimeCamera/darknet/src/cost_layer.h">
			<Option target="darknet"/>
		</Unit>
		<Unit filename="/home/major/RealtimeCamera/darknet/src/cpu_gemm.c">
			<Option target="darknet"/>
		</Unit>
		<Unit filename="/home/major/RealtimeCamera/darknet/src/crnn_layer.c">
			<Option target="darknet"/>
		</Unit>
		<Unit filename="/home/major/RealtimeCamera/darknet/src/crnn_layer.h">
			<Option target="darknet"/>
		</Unit>
		<Unit filename="/home/major/RealtimeCamera/darknet/src/crop_layer.c">
			<Option target="darknet"/>
		</Unit>
		<Unit filename="/home/major/RealtimeCamera/darknet/src/crop_layer.h">
			<Option target="darknet"/>
		</Unit>
		<Unit filename="/home/major/RealtimeCamera/darknet/src/cuda.c">
			<Option target="darknet"/>
		</Unit>
		<Unit filename="/home/major/RealtimeCamera/darknet/src/cuda.h">
			<Option target="darknet"/>
		</Unit>
		<Unit filename="/home/major/RealtimeCamera/darknet/src/darknet.c">
			<Option target="darknet"/>
		</Unit>
		<Unit filename="/home/major/RealtimeCamera/darknet/src/data.c">
			<Option target="darknet"/>
		</Unit>
		<Unit filename="/home/major/RealtimeCamera/darknet/src/data.h">
			<Option target="darknet"/>
		</Unit>
		<Unit filename="/home/major/RealtimeCamera/darknet/src/deconvolutional_layer.c">
			<Option target="darknet"/>
		</Unit>
		<Unit filename="/home/major/RealtimeCamera/darknet/src/deconvolutional_layer.h">
			<Option target="darknet"/>
		</Unit>
		<Unit filename="/home/major/RealtimeCamera/darknet/src/demo.c">
			<Option target="darknet"/>
		</Unit>
		<Unit filename="/home/major/RealtimeCamera/darknet/src/demo.h">
			<Option target="darknet"/>
		</Unit>
		<Unit filename="/home/major/RealtimeCamera/darknet/src/detection_layer.c">
			<Option target="darknet"/>
		</Unit>
		<Unit filename="/home/major/RealtimeCamera/darknet/src/detection_layer.h">
			<Option target="darknet"/>
		</Unit>
		<Unit filename="/home/major/RealtimeCamera/darknet/src/detector.c">
			<Option target="darknet"/>
		</Unit>
		<Unit filename="/home/major/RealtimeCamera/darknet/src/dice.c">
			<Option target="darknet"/>
		</Unit>
		<Unit filename="/home/major/RealtimeCamera/darknet/src/dropout_layer.c">
			<Option target="darknet"/>
		</Unit>
		<Unit filename="/home/major/RealtimeCamera/darknet/src/dropout_layer.h">
			<Option target="darknet"/>
		</Unit>
		<Unit filename="/home/major/RealtimeCamera/darknet/src/gemm.c">
			<Option target="darknet"/>
		</Unit>
		<Unit filename="/home/major/RealtimeCamera/darknet/src/gemm.h">
			<Option target="darknet"/>
		</Unit>
		<Unit filename="/home/major/RealtimeCamera/darknet/src/go.c">
			<Option target="darknet"/>
		</Unit>
		<Unit filename="/home/major/RealtimeCamera/darknet/src/gru_layer.c">
			<Option target="darknet"/>
		</Unit>
		<Unit filename="/home/major/RealtimeCamera/darknet/src/gru_layer.h">
			<Option target="darknet"/>
		</Unit>
		<Unit filename="/home/major/RealtimeCamera/darknet/src/im2col.c">
			<Option target="darknet"/>
		</Unit>
		<Unit filename="/home/major/RealtimeCamera/darknet/src/im2col.h">
			<Option target="darknet"/>
		</Unit>
		<Unit filename="/home/major/RealtimeCamera/darknet/src/image.c">
			<Option target="darknet"/>
		</Unit>
		<Unit filename="/home/major/RealtimeCamera/darknet/src/image.h">
			<Option target="darknet"/>
		</Unit>
		<Unit filename="/home/major/RealtimeCamera/darknet/src/layer.c">
			<Option target="darknet"/>
		</Unit>
		<Unit filename="/home/major/RealtimeCamera/darknet/src/layer.h">
			<Option target="darknet"/>
		</Unit>
		<Unit filename="/home/major/RealtimeCamera/darknet/src/list.c">
			<Option target="darknet"/>
		</Unit>
		<Unit filename="/home/major/RealtimeCamera/darknet/src/list.h">
			<Option target="darknet"/>
		</Unit>
		<Unit filename="/home/major/RealtimeCamera/darknet/src/local_layer.c">
			<Option target="darknet"/>
		</Unit>
		<Unit filename="/home/major/RealtimeCamera/darknet/src/local_layer.h">
			<Option target="darknet"/>
		</Unit>
		<Unit filename="/home/major/RealtimeCamera/darknet/src/matrix.c">
			<Option target="darknet"/>
		</Unit>
		<Unit filename="/home/major/RealtimeCamera/darknet/src/matrix.h">
			<Option target="darknet"/>
		</Unit>
		<Unit filename="/home/major/RealtimeCamera/darknet/src/maxpool_layer.c">
			<Option target="darknet"/>
		</Unit>
		<Unit filename="/home/major/RealtimeCamera/darknet/src/maxpool_layer.h">
			<Option target="darknet"/>
		</Unit>
		<Unit filename="/home/major/RealtimeCamera/darknet/src/network.c">
			<Option target="darknet"/>
		</Unit>
		<Unit filename="/home/major/RealtimeCamera/darknet/src/network.h">
			<Option target="darknet"/>
		</Unit>
		<Unit filename="/home/major/RealtimeCamera/darknet/src/nightmare.c">
			<Option target="darknet"/>
		</Unit>
		<Unit filename="/home/major/RealtimeCamera/darknet/src/normalization_layer.c">
			<Option target="darknet"/>
		</Unit>
		<Unit filename="/home/major/RealtimeCamera/darknet/src/normalization_layer.h">
			<Option target="darknet"/>
		</Unit>
		<Unit filename="/home/major/RealtimeCamera/darknet/src/option_list.c">
			<Option target="darknet"/>
		</Unit>
		<Unit filename="/home/major/RealtimeCamera/darknet/src/option_list.h">
			<Option target="darknet"/>
		</Unit>
		<Unit filename="/home/major/RealtimeCamera/darknet/src/parser.c">
			<Option target="darknet"/>
		</Unit>
		<Unit filename="/home/major/RealtimeCamera/darknet/src/parser.h">
			<Option target="darknet"/>
		</Unit>
		<Unit filename="/home/major/RealtimeCamera/darknet/src/region_layer.c">
			<Option target="darknet"/>
		</Unit>
		<Unit filename="/home/major/RealtimeCamera/darknet/src/region_layer.h">
			<Option target="darknet"/>
		</Unit>
		<Unit filename="/home/major/RealtimeCamera/darknet/src/reorg_layer.c">
			<Option target="darknet"/>
		</Unit>
		<Unit filename="/home/major/RealtimeCamera/darknet/src/reorg_layer.h">
			<Option target="darknet"/>
		</Unit>
		<Unit filename="/home/major/RealtimeCamera/darknet/src/rnn.c">
			<Option target="darknet"/>
		</Unit>
		<Unit filename="/home/major/RealtimeCamera/darknet/src/rnn_layer.c">
			<Option target="darknet"/>
		</Unit>
		<Unit filename="/home/major/RealtimeCamera/darknet/src/rnn_layer.h">
			<Option target="darknet"/>
		</Unit>
		<Unit filename="/home/major/RealtimeCamera/darknet/src/rnn_vid.c">
			<Option target="darknet"/>
		</Unit>
		<Unit filename="/home/major/RealtimeCamera/darknet/src/route_layer.c">
			<Option target="darknet"/>
		</Unit>
		<Unit filename="/home/major/RealtimeCamera/darknet/src/route_layer.h">
			<Option target="darknet"/>
		</Unit>
		<Unit filename="/home/major/RealtimeCamera/darknet/src/server.c">
			<Option target="darknet"/>
		</Unit>
		<Unit filename="/home/major/RealtimeCamera/darknet/src/server.h">
			<Option target="darknet"/>
		</Unit>
		<Unit filename="/home/major/RealtimeCamera/darknet/src/shortcut_layer.c">
			<Option target="darknet"/>
		</Unit>
		<Unit filename="/home/major/RealtimeCamera/darknet/src/shortcut_layer.h">
			<Option target="darknet"/>
		</Unit>
		<Unit filename="/home/major/RealtimeCamera/darknet/src/softmax_layer.c">
			<Option target="darknet"/>
		</Unit>
		<Unit filename="/home/major/RealtimeCamera/darknet/src/softmax_layer.h">
			<Option target="darknet"/>
		</Unit>
		<Unit filename="/home/major/RealtimeCamera/darknet/src/stb_image.h">
			<Option target="darknet"/>
		</Unit>
		<Unit filename="/home/major/RealtimeCamera/darknet/src/stb_image_write.h">
			<Option target="darknet"/>
		</Unit>
		<Unit filename="/home/major/RealtimeCamera/darknet/src/super.c">
			<Option target="darknet"/>
		</Unit>
		<Unit filename="/home/major/RealtimeCamera/darknet/src/swag.c">
			<Option target="darknet"/>
		</Unit>
		<Unit filename="/home/major/RealtimeCamera/darknet/src/tag.c">
			<Option target="darknet"/>
		</Unit>
		<Unit filename="/home/major/RealtimeCamera/darknet/src/tree.c">
			<Option target="darknet"/>
		</Unit>
		<Unit filename="/home/major/RealtimeCamera/darknet/src/tree.h">
			<Option target="darknet"/>
		</Unit>
		<Unit filename="/home/major/RealtimeCamera/darknet/src/utils.c">
			<Option target="darknet"/>
		</Unit>
		<Unit filename="/home/major/RealtimeCamera/darknet/src/utils.h">
			<Option target="darknet"/>
		</Unit>
		<Unit filename="/home/major/RealtimeCamera/darknet/src/voxel.c">
			<Option target="darknet"/>
		</Unit>
		<Unit filename="/home/major/RealtimeCamera/darknet/src/writing.c">
			<Option target="darknet"/>
		</Unit>
		<Unit filename="/home/major/RealtimeCamera/darknet/src/yolo.c">
			<Option target="darknet"/>
		</Unit>
		<Unit filename="/home/major/RealtimeCamera/darknet/src/CMakeLists.txt">
			<Option virtualFolder="CMake Files\"/>
		</Unit>
	</Project>
</CodeBlocks_project_file>
